
Microsoft Visual Studio Solution File, Format Version 12.00
# Visual Studio 15
VisualStudioVersion = 15.0.27703.2026
MinimumVisualStudioVersion = 10.0.40219.1
Project("{FAE04EC0-301F-11D3-BF4B-00C04F79EFBC}") = "AdUserResetPasswordWebTool", "AdUserResetPasswordWebTool\AdUserResetPasswordWebTool.csproj", "{97BAB2E4-A2A2-4488-A8BF-E67B7CC9191F}"
EndProject
Global
	GlobalSection(SolutionConfigurationPlatforms) = preSolution
		Base|Any CPU = Base|Any CPU
		Debug|Any CPU = Debug|Any CPU
		Release|Any CPU = Release|Any CPU
	EndGlobalSection
	GlobalSection(ProjectConfigurationPlatforms) = postSolution
		{97BAB2E4-A2A2-4488-A8BF-E67B7CC9191F}.Base|Any CPU.ActiveCfg = Base|Any CPU
		{97BAB2E4-A2A2-4488-A8BF-E67B7CC9191F}.Base|Any CPU.Build.0 = Base|Any CPU
		{97BAB2E4-A2A2-4488-A8BF-E67B7CC9191F}.Debug|Any CPU.ActiveCfg = Debug|Any CPU
		{97BAB2E4-A2A2-4488-A8BF-E67B7CC9191F}.Debug|Any CPU.Build.0 = Debug|Any CPU
		{97BAB2E4-A2A2-4488-A8BF-E67B7CC9191F}.Release|Any CPU.ActiveCfg = Release|Any CPU
		{97BAB2E4-A2A2-4488-A8BF-E67B7CC9191F}.Release|Any CPU.Build.0 = Release|Any CPU
	EndGlobalSection
	GlobalSection(SolutionProperties) = preSolution
		HideSolutionNode = FALSE
	EndGlobalSection
	GlobalSection(ExtensibilityGlobals) = postSolution
		SolutionGuid = {85BD44AE-4359-47A5-A998-3CAB1A22F3B5}
	EndGlobalSection
EndGlobal
